<?xml version="1.0" encoding="utf-8"?>
<Project ToolsVersion="4.0" xmlns="http://schemas.microsoft.com/developer/msbuild/2003">
  <ItemGroup>
    <ClCompile Include="source\ApplicationGlobal.cpp">
      <Filter>Application</Filter>
    </ClCompile>
    <ClCompile Include="source\ApplicationMain.cpp">
      <Filter>Application</Filter>
    </ClCompile>
    <ClCompile Include="source\AttackBase.cpp">
      <Filter>Attack</Filter>
    </ClCompile>
    <ClCompile Include="source\AttackManager.cpp">
      <Filter>Attack</Filter>
    </ClCompile>
    <ClCompile Include="source\Bullet.cpp">
      <Filter>GameObject\Character\Bullet</Filter>
    </ClCompile>
    <ClCompile Include="source\BulletManager.cpp">
      <Filter>GameObject\Character\Bullet</Filter>
    </ClCompile>
    <ClCompile Include="source\CameraManager.cpp">
      <Filter>Camera</Filter>
    </ClCompile>
    <ClCompile Include="source\DebugCamera.cpp">
      <Filter>Camera</Filter>
    </ClCompile>
    <ClCompile Include="source\GameObjectBase.cpp">
      <Filter>GameObject</Filter>
    </ClCompile>
    <ClCompile Include="source\CharaBase.cpp">
      <Filter>GameObject\Character</Filter>
    </ClCompile>
    <ClCompile Include="source\Enemy.cpp">
      <Filter>GameObject\Character\Enemy</Filter>
    </ClCompile>
    <ClCompile Include="source\PlayerBase.cpp">
      <Filter>GameObject\Character\Player</Filter>
    </ClCompile>
    <ClCompile Include="source\PlayerBase_Attack.cpp">
      <Filter>GameObject\Character\Player</Filter>
    </ClCompile>
    <ClCompile Include="source\PlayerManager.cpp">
      <Filter>GameObject\Character\Player</Filter>
    </ClCompile>
    <ClCompile Include="source\InteriorPlayer.cpp">
      <Filter>GameObject\Character\Player\Interior</Filter>
    </ClCompile>
    <ClCompile Include="source\InteriorPlayer_Draw.cpp">
      <Filter>GameObject\Character\Player\Interior</Filter>
    </ClCompile>
    <ClCompile Include="source\InteriorPlayer_Move.cpp">
      <Filter>GameObject\Character\Player\Interior</Filter>
    </ClCompile>
    <ClCompile Include="source\SurfacePlayer.cpp">
      <Filter>GameObject\Character\Player\Surface</Filter>
    </ClCompile>
    <ClCompile Include="source\SurfacePlayer_Draw.cpp">
      <Filter>GameObject\Character\Player\Surface</Filter>
    </ClCompile>
    <ClCompile Include="source\SurfacePlayer_Move.cpp">
      <Filter>GameObject\Character\Player\Surface</Filter>
    </ClCompile>
    <ClCompile Include="source\PlayerAbilityBase.cpp">
      <Filter>Ability</Filter>
    </ClCompile>
    <ClCompile Include="source\PlayerAbilityManager.cpp">
      <Filter>Ability</Filter>
    </ClCompile>
    <ClCompile Include="source\ModeGame.cpp">
      <Filter>Mode\Game</Filter>
    </ClCompile>
    <ClCompile Include="source\ModeGame_CheckHit.cpp">
      <Filter>Mode\Game</Filter>
    </ClCompile>
    <ClCompile Include="source\StageBase.cpp">
      <Filter>Stage</Filter>
    </ClCompile>
    <ClCompile Include="source\StateCommon.cpp">
      <Filter>GameObject\Character\Enemy\State</Filter>
    </ClCompile>
    <ClCompile Include="source\StateMelee.cpp">
      <Filter>GameObject\Character\Enemy\State</Filter>
    </ClCompile>
    <ClCompile Include="source\StateRanged.cpp">
      <Filter>GameObject\Character\Enemy\State</Filter>
    </ClCompile>
    <ClCompile Include="source\EnergyManager.cpp">
      <Filter>Energy</Filter>
    </ClCompile>
    <ClCompile Include="source\ModeMenu.cpp">
      <Filter>Mode\Menu</Filter>
    </ClCompile>
    <ClCompile Include="source\DodgeSystem.cpp">
      <Filter>Dodge</Filter>
    </ClCompile>
    <ClCompile Include="source\ModeLoading.cpp">
      <Filter>Mode\Loading</Filter>
    </ClCompile>
  </ItemGroup>
  <ItemGroup>
    <ClInclude Include="source\ApplicationGlobal.h">
      <Filter>Application</Filter>
    </ClInclude>
    <ClInclude Include="source\ApplicationMain.h">
      <Filter>Application</Filter>
    </ClInclude>
    <ClInclude Include="source\AttackBase.h">
      <Filter>Attack</Filter>
    </ClInclude>
    <ClInclude Include="source\AttackManager.h">
      <Filter>Attack</Filter>
    </ClInclude>
    <ClInclude Include="source\Bullet.h">
      <Filter>GameObject\Character\Bullet</Filter>
    </ClInclude>
    <ClInclude Include="source\BulletManager.h">
      <Filter>GameObject\Character\Bullet</Filter>
    </ClInclude>
    <ClInclude Include="source\CameraManager.h">
      <Filter>Camera</Filter>
    </ClInclude>
    <ClInclude Include="source\DebugCamera.h">
      <Filter>Camera</Filter>
    </ClInclude>
    <ClInclude Include="source\GameObjectBase.h">
      <Filter>GameObject</Filter>
    </ClInclude>
    <ClInclude Include="source\CharaBase.h">
      <Filter>GameObject\Character</Filter>
    </ClInclude>
    <ClInclude Include="source\Enemy.h">
      <Filter>GameObject\Character\Enemy</Filter>
    </ClInclude>
    <ClInclude Include="source\EnemyAttackSettings.h">
      <Filter>GameObject\Character\Enemy</Filter>
    </ClInclude>
    <ClInclude Include="source\EnemyFactory.h">
      <Filter>GameObject\Character\Enemy</Filter>
    </ClInclude>
    <ClInclude Include="source\PlayerBase.h">
      <Filter>GameObject\Character\Player</Filter>
    </ClInclude>
    <ClInclude Include="source\PlayerManager.h">
      <Filter>GameObject\Character\Player</Filter>
    </ClInclude>
    <ClInclude Include="source\InteriorPlayer.h">
      <Filter>GameObject\Character\Player\Interior</Filter>
    </ClInclude>
    <ClInclude Include="source\SurfacePlayer.h">
      <Filter>GameObject\Character\Player\Surface</Filter>
    </ClInclude>
    <ClInclude Include="source\PlayerAbilityBase.h">
      <Filter>Ability</Filter>
    </ClInclude>
    <ClInclude Include="source\PlayerAbilityManager.h">
      <Filter>Ability</Filter>
    </ClInclude>
    <ClInclude Include="source\ModeGame.h">
      <Filter>Mode\Game</Filter>
    </ClInclude>
    <ClInclude Include="source\StageBase.h">
      <Filter>Stage</Filter>
    </ClInclude>
    <ClInclude Include="source\StateCommon.h">
      <Filter>GameObject\Character\Enemy\State</Filter>
    </ClInclude>
    <ClInclude Include="source\StateMelee.h">
      <Filter>GameObject\Character\Enemy\State</Filter>
    </ClInclude>
    <ClInclude Include="source\StateRanged.h">
      <Filter>GameObject\Character\Enemy\State</Filter>
    </ClInclude>
    <ClInclude Include="source\EnergyManager.h">
      <Filter>Energy</Filter>
    </ClInclude>
    <ClInclude Include="source\EnemyState.h">
      <Filter>GameObject\Character\Enemy\State</Filter>
    </ClInclude>
    <ClInclude Include="source\ModeMenu.h">
      <Filter>Mode\Menu</Filter>
    </ClInclude>
    <ClInclude Include="source\MenuItemBase.h">
      <Filter>Mode\Menu</Filter>
    </ClInclude>
    <ClInclude Include="source\DodgeSystem.h">
      <Filter>Dodge</Filter>
    </ClInclude>
    <ClInclude Include="source\ModeLoading.h">
      <Filter>Mode\Loading</Filter>
    </ClInclude>
  </ItemGroup>
  <ItemGroup>
    <Filter Include="Application">
      <UniqueIdentifier>{987de252-21da-425e-83e8-4927305308ed}</UniqueIdentifier>
    </Filter>
    <Filter Include="Attack">
      <UniqueIdentifier>{a89dff56-87bb-415e-90ef-a8e8ede02de8}</UniqueIdentifier>
    </Filter>
    <Filter Include="Camera">
      <UniqueIdentifier>{74cb9dfd-fe6a-4bd9-a171-970749f2d8df}</UniqueIdentifier>
    </Filter>
    <Filter Include="GameObject">
      <UniqueIdentifier>{a9830f24-bd9e-4ef8-873a-743de6efec05}</UniqueIdentifier>
    </Filter>
    <Filter Include="GameObject\Character">
      <UniqueIdentifier>{e76ed34a-8d14-4819-aeea-e2c8785433e7}</UniqueIdentifier>
    </Filter>
    <Filter Include="GameObject\Character\Enemy">
      <UniqueIdentifier>{7e2c4c01-0c75-4b89-9aa6-cab047118fe0}</UniqueIdentifier>
    </Filter>
    <Filter Include="GameObject\Character\Player">
      <UniqueIdentifier>{91200e8a-101f-46bf-99b3-2c7ae7667029}</UniqueIdentifier>
    </Filter>
    <Filter Include="GameObject\Character\Player\Interior">
      <UniqueIdentifier>{f4a1ae9e-db29-403f-a88d-ee8fbcf799d6}</UniqueIdentifier>
    </Filter>
    <Filter Include="GameObject\Character\Player\Surface">
      <UniqueIdentifier>{bb812abb-7299-4c1a-9bc5-d8db53e68f26}</UniqueIdentifier>
    </Filter>
    <Filter Include="Ability">
      <UniqueIdentifier>{743ec4e5-4e82-4783-a699-b0b1ac46db76}</UniqueIdentifier>
    </Filter>
    <Filter Include="Stage">
      <UniqueIdentifier>{e8774f89-67e5-4cc6-9a3e-4355c59f4327}</UniqueIdentifier>
    </Filter>
    <Filter Include="GameObject\Character\Enemy\State">
      <UniqueIdentifier>{74ec611d-19da-430c-a309-a9627fd91d56}</UniqueIdentifier>
    </Filter>
    <Filter Include="Energy">
      <UniqueIdentifier>{f7332d90-2207-49b6-881d-254373fdcdfe}</UniqueIdentifier>
    </Filter>
    <Filter Include="GameObject\Character\Bullet">
      <UniqueIdentifier>{bf4cb234-2228-463f-b2ba-cf0a862623ae}</UniqueIdentifier>
    </Filter>
    <Filter Include="Mode">
      <UniqueIdentifier>{5df96618-4b54-4554-b0bf-2b2751625d1d}</UniqueIdentifier>
    </Filter>
    <Filter Include="Mode\Game">
      <UniqueIdentifier>{ff08f5af-39c5-47e7-98fb-b40351b55998}</UniqueIdentifier>
    </Filter>
    <Filter Include="Mode\Menu">
      <UniqueIdentifier>{2f3b5113-7d47-46d0-899a-b2e9043a3456}</UniqueIdentifier>
    </Filter>
    <Filter Include="Dodge">
      <UniqueIdentifier>{072ed45b-0e62-40f6-af12-853ab2794b9d}</UniqueIdentifier>
    </Filter>
    <Filter Include="Mode\Loading">
      <UniqueIdentifier>{ea7943b7-fc6f-463e-b8d8-3765d716c1d6}</UniqueIdentifier>
    </Filter>
  </ItemGroup>
</Project>