<?xml version="1.0" encoding="utf-8"?>
<Project ToolsVersion="4.0" xmlns="http://schemas.microsoft.com/developer/msbuild/2003">
  <ItemGroup>
    <Filter Include="Game">
      <UniqueIdentifier>{7e567ef0-407c-44e6-8977-ab420d28f6a5}</UniqueIdentifier>
    </Filter>
    <Filter Include="Game\Enemy">
      <UniqueIdentifier>{8ba0fe59-a9ad-4735-a772-80217d60dd58}</UniqueIdentifier>
    </Filter>
    <Filter Include="Game\PlayerBase">
      <UniqueIdentifier>{826fd0c4-4828-42a0-bb4f-daea080dbc2d}</UniqueIdentifier>
    </Filter>
    <Filter Include="Game\PlayerBase\Player">
      <UniqueIdentifier>{898a96a2-9fcf-438e-a8e5-f532a41fc0e8}</UniqueIdentifier>
    </Filter>
  </ItemGroup>
  <ItemGroup>
    <ClCompile Include="source\ApplicationMain.cpp">
      <Filter>Game</Filter>
    </ClCompile>
    <ClCompile Include="source\CharaBase.cpp">
      <Filter>Game</Filter>
    </ClCompile>
    <ClCompile Include="source\GameObjectBase.cpp">
      <Filter>Game</Filter>
    </ClCompile>
    <ClCompile Include="source\EnemyBase.cpp">
      <Filter>Game\Enemy</Filter>
    </ClCompile>
    <ClCompile Include="source\StealthEnemy.cpp">
      <Filter>Game\Enemy</Filter>
    </ClCompile>
    <ClCompile Include="source\BattleEnemy.cpp">
      <Filter>Game\Enemy</Filter>
    </ClCompile>
    <ClCompile Include="source\PlayerBase.cpp">
      <Filter>Game\PlayerBase</Filter>
    </ClCompile>
    <ClCompile Include="source\InteriorPlayer.cpp">
      <Filter>Game\PlayerBase\Player</Filter>
    </ClCompile>
    <ClCompile Include="source\SurfacePlayer.cpp">
      <Filter>Game\PlayerBase\Player</Filter>
    </ClCompile>
  </ItemGroup>
  <ItemGroup>
    <ClInclude Include="source\ApplicationMain.h">
      <Filter>Game</Filter>
    </ClInclude>
    <ClInclude Include="source\CharaBase.h">
      <Filter>Game</Filter>
    </ClInclude>
    <ClInclude Include="source\GameObjectBase.h">
      <Filter>Game</Filter>
    </ClInclude>
    <ClInclude Include="source\EnemyBase.h">
      <Filter>Game\Enemy</Filter>
    </ClInclude>
    <ClInclude Include="source\StealthEnemy.h">
      <Filter>Game\Enemy</Filter>
    </ClInclude>
    <ClInclude Include="source\BattleEnemy.h">
      <Filter>Game\Enemy</Filter>
    </ClInclude>
    <ClInclude Include="source\PlayerBase.h">
      <Filter>Game\PlayerBase</Filter>
    </ClInclude>
    <ClInclude Include="source\SurfacePlayer.h">
      <Filter>Game\PlayerBase\Player</Filter>
    </ClInclude>
    <ClInclude Include="source\InteriorPlayer.h">
      <Filter>Game\PlayerBase\Player</Filter>
    </ClInclude>
  </ItemGroup>
</Project>