<?xml version="1.0" encoding="utf-8"?>
<Project ToolsVersion="4.0" xmlns="http://schemas.microsoft.com/developer/msbuild/2003">
  <ItemGroup>
    <Filter Include="CFile">
      <UniqueIdentifier>{68058c5f-2a3f-4d8b-be3b-1f046757f8a2}</UniqueIdentifier>
    </Filter>
    <Filter Include="Mode">
      <UniqueIdentifier>{4ce51a7e-f318-486e-8c4c-78ccba7c918f}</UniqueIdentifier>
    </Filter>
    <Filter Include="App">
      <UniqueIdentifier>{b2153cf9-c23c-45c9-9b1d-929fe1d90b7c}</UniqueIdentifier>
    </Filter>
    <Filter Include="math">
      <UniqueIdentifier>{e5016951-0486-4249-8d7e-240d0362dfdd}</UniqueIdentifier>
    </Filter>
    <Filter Include="Manager">
      <UniqueIdentifier>{63e6ccdf-544b-439b-806d-1e932e23f655}</UniqueIdentifier>
    </Filter>
    <Filter Include="Manager\Component">
      <UniqueIdentifier>{e2d5dff1-1578-4f71-ad91-6fe0837b0092}</UniqueIdentifier>
    </Filter>
    <Filter Include="a">
      <UniqueIdentifier>{194dde9a-395d-4ede-97b1-e3bcd6951d8a}</UniqueIdentifier>
    </Filter>
  </ItemGroup>
  <ItemGroup>
    <ClCompile Include="source\CFile\CFile.cpp">
      <Filter>CFile</Filter>
    </ClCompile>
    <ClCompile Include="source\Mode\ModeBase.cpp">
      <Filter>Mode</Filter>
    </ClCompile>
    <ClCompile Include="source\Mode\ModeServer.cpp">
      <Filter>Mode</Filter>
    </ClCompile>
    <ClCompile Include="source\Application\ApplicationBase.cpp">
      <Filter>App</Filter>
    </ClCompile>
    <ClCompile Include="source\Application\WinMain.cpp">
      <Filter>App</Filter>
    </ClCompile>
    <ClCompile Include="source\math\mymath.cpp">
      <Filter>math</Filter>
    </ClCompile>
  </ItemGroup>
  <ItemGroup>
    <ClInclude Include="source\CFile\CFile.h">
      <Filter>CFile</Filter>
    </ClInclude>
    <ClInclude Include="source\Mode\ModeBase.h">
      <Filter>Mode</Filter>
    </ClInclude>
    <ClInclude Include="source\Mode\ModeServer.h">
      <Filter>Mode</Filter>
    </ClInclude>
    <ClInclude Include="source\Application\ApplicationBase.h">
      <Filter>App</Filter>
    </ClInclude>
    <ClInclude Include="source\Application\UtilMacro.h">
      <Filter>App</Filter>
    </ClInclude>
    <ClInclude Include="source\math\mymath.h">
      <Filter>math</Filter>
    </ClInclude>
    <ClInclude Include="source\memo.h" />
    <ClInclude Include="source\Manager\ComponentManager.h">
      <Filter>Manager\Component</Filter>
    </ClInclude>
    <ClInclude Include="source\appframe.h" />
    <ClInclude Include="source\template\aliastemplate.h">
      <Filter>a</Filter>
    </ClInclude>
    <ClInclude Include="source\template\container.h">
      <Filter>a</Filter>
    </ClInclude>
  </ItemGroup>
</Project>